
Microsoft Visual Studio Solution File, Format Version 12.00
# Visual Studio Version 17
VisualStudioVersion = 17.13.35825.156 d17.13
MinimumVisualStudioVersion = 10.0.40219.1
Project("{FAE04EC0-301F-11D3-BF4B-00C04F79EFBC}") = "PustolovščinaCMD", "PustolovščinaCMD\PustolovščinaCMD.csproj", "{34604268-5619-4130-BB03-13B0E9032661}"
EndProject
Global
	GlobalSection(SolutionConfigurationPlatforms) = preSolution
		Debug|Any CPU = Debug|Any CPU
		Release|Any CPU = Release|Any CPU
	EndGlobalSection
	GlobalSection(ProjectConfigurationPlatforms) = postSolution
		{34604268-5619-4130-BB03-13B0E9032661}.Debug|Any CPU.ActiveCfg = Debug|Any CPU
		{34604268-5619-4130-BB03-13B0E9032661}.Debug|Any CPU.Build.0 = Debug|Any CPU
		{34604268-5619-4130-BB03-13B0E9032661}.Release|Any CPU.ActiveCfg = Release|Any CPU
		{34604268-5619-4130-BB03-13B0E9032661}.Release|Any CPU.Build.0 = Release|Any CPU
	EndGlobalSection
	GlobalSection(SolutionProperties) = preSolution
		HideSolutionNode = FALSE
	EndGlobalSection
	GlobalSection(ExtensibilityGlobals) = postSolution
		SolutionGuid = {0997C26D-4B82-4A55-8E2D-1DDD82092666}
	EndGlobalSection
EndGlobal
